// !$*UTF8*$!
{
	archiveVersion = 1;
	classes = {
	};
	objectVersion = 46;
	objects = {

/* Begin PBXBuildFile section */
		CF0BBD4C1EB1A0AB00DB9D32 /* AppDelegate.swift in Sources */ = {isa = PBXBuildFile; fileRef = CF0BBD4B1EB1A0AB00DB9D32 /* AppDelegate.swift */; };
		CF0BBD4E1EB1A0AB00DB9D32 /* TasksViewController.swift in Sources */ = {isa = PBXBuildFile; fileRef = CF0BBD4D1EB1A0AB00DB9D32 /* TasksViewController.swift */; };
		CF0BBD511EB1A0AB00DB9D32 /* Main.storyboard in Resources */ = {isa = PBXBuildFile; fileRef = CF0BBD4F1EB1A0AB00DB9D32 /* Main.storyboard */; };
		CF0BBD541EB1A0AB00DB9D32 /* DoIt.xcdatamodeld in Sources */ = {isa = PBXBuildFile; fileRef = CF0BBD521EB1A0AB00DB9D32 /* DoIt.xcdatamodeld */; };
		CF0BBD561EB1A0AB00DB9D32 /* Assets.xcassets in Resources */ = {isa = PBXBuildFile; fileRef = CF0BBD551EB1A0AB00DB9D32 /* Assets.xcassets */; };
		CF0BBD591EB1A0AB00DB9D32 /* LaunchScreen.storyboard in Resources */ = {isa = PBXBuildFile; fileRef = CF0BBD571EB1A0AB00DB9D32 /* LaunchScreen.storyboard */; };
		CF0BBD631EB1ACDF00DB9D32 /* AddScreenViewController.swift in Sources */ = {isa = PBXBuildFile; fileRef = CF0BBD621EB1ACDF00DB9D32 /* AddScreenViewController.swift */; };
		CF0BBD651EB2EA4500DB9D32 /* CompletedViewController.swift in Sources */ = {isa = PBXBuildFile; fileRef = CF0BBD641EB2EA4500DB9D32 /* CompletedViewController.swift */; };
/* End PBXBuildFile section */

/* Begin PBXFileReference section */
		CF0BBD481EB1A0AB00DB9D32 /* DoIt.app */ = {isa = PBXFileReference; explicitFileType = wrapper.application; includeInIndex = 0; path = DoIt.app; sourceTree = BUILT_PRODUCTS_DIR; };
		CF0BBD4B1EB1A0AB00DB9D32 /* AppDelegate.swift */ = {isa = PBXFileReference; lastKnownFileType = sourcecode.swift; path = AppDelegate.swift; sourceTree = "<group>"; };
		CF0BBD4D1EB1A0AB00DB9D32 /* TasksViewController.swift */ = {isa = PBXFileReference; lastKnownFileType = sourcecode.swift; path = TasksViewController.swift; sourceTree = "<group>"; };
		CF0BBD501EB1A0AB00DB9D32 /* Base */ = {isa = PBXFileReference; lastKnownFileType = file.storyboard; name = Base; path = Base.lproj/Main.storyboard; sourceTree = "<group>"; };
		CF0BBD531EB1A0AB00DB9D32 /* DoIt.xcdatamodel */ = {isa = PBXFileReference; lastKnownFileType = wrapper.xcdatamodel; path = DoIt.xcdatamodel; sourceTree = "<group>"; };
		CF0BBD551EB1A0AB00DB9D32 /* Assets.xcassets */ = {isa = PBXFileReference; lastKnownFileType = folder.assetcatalog; path = Assets.xcassets; sourceTree = "<group>"; };
		CF0BBD581EB1A0AB00DB9D32 /* Base */ = {isa = PBXFileReference; lastKnownFileType = file.storyboard; name = Base; path = Base.lproj/LaunchScreen.storyboard; sourceTree = "<group>"; };
		CF0BBD5A1EB1A0AB00DB9D32 /* Info.plist */ = {isa = PBXFileReference; lastKnownFileType = text.plist.xml; path = Info.plist; sourceTree = "<group>"; };
		CF0BBD621EB1ACDF00DB9D32 /* AddScreenViewController.swift */ = {isa = PBXFileReference; fileEncoding = 4; lastKnownFileType = sourcecode.swift; path = AddScreenViewController.swift; sourceTree = "<group>"; };
		CF0BBD641EB2EA4500DB9D32 /* CompletedViewController.swift */ = {isa = PBXFileReference; fileEncoding = 4; lastKnownFileType = sourcecode.swift; path = CompletedViewController.swift; sourceTree = "<group>"; };
/* End PBXFileReference section */

/* Begin PBXFrameworksBuildPhase section */
		CF0BBD451EB1A0AB00DB9D32 /* Frameworks */ = {
			isa = PBXFrameworksBuildPhase;
			buildActionMask = 2147483647;
			files = (
			);
			runOnlyForDeploymentPostprocessing = 0;
		};
/* End PBXFrameworksBuildPhase section */

/* Begin PBXGroup section */
		CF0BBD3F1EB1A0AB00DB9D32 = {
			isa = PBXGroup;
			children = (
				CF0BBD4A1EB1A0AB00DB9D32 /* DoIt */,
				CF0BBD491EB1A0AB00DB9D32 /* Products */,
			);
			sourceTree = "<group>";
		};
		CF0BBD491EB1A0AB00DB9D32 /* Products */ = {
			isa = PBXGroup;
			children = (
				CF0BBD481EB1A0AB00DB9D32 /* DoIt.app */,
			);
			name = Products;
			sourceTree = "<group>";
		};
		CF0BBD4A1EB1A0AB00DB9D32 /* DoIt */ = {
			isa = PBXGroup;
			children = (
				CF0BBD4B1EB1A0AB00DB9D32 /* AppDelegate.swift */,
				CF0BBD4D1EB1A0AB00DB9D32 /* TasksViewController.swift */,
				CF0BBD621EB1ACDF00DB9D32 /* AddScreenViewController.swift */,
				CF0BBD641EB2EA4500DB9D32 /* CompletedViewController.swift */,
				CF0BBD4F1EB1A0AB00DB9D32 /* Main.storyboard */,
				CF0BBD551EB1A0AB00DB9D32 /* Assets.xcassets */,
				CF0BBD571EB1A0AB00DB9D32 /* LaunchScreen.storyboard */,
				CF0BBD5A1EB1A0AB00DB9D32 /* Info.plist */,
				CF0BBD521EB1A0AB00DB9D32 /* DoIt.xcdatamodeld */,
			);
			path = DoIt;
			sourceTree = "<group>";
		};
/* End PBXGroup section */

/* Begin PBXNativeTarget section */
		CF0BBD471EB1A0AB00DB9D32 /* DoIt */ = {
			isa = PBXNativeTarget;
			buildConfigurationList = CF0BBD5D1EB1A0AB00DB9D32 /* Build configuration list for PBXNativeTarget "DoIt" */;
			buildPhases = (
				CF0BBD441EB1A0AB00DB9D32 /* Sources */,
				CF0BBD451EB1A0AB00DB9D32 /* Frameworks */,
				CF0BBD461EB1A0AB00DB9D32 /* Resources */,
			);
			buildRules = (
			);
			dependencies = (
			);
			name = DoIt;
			productName = DoIt;
			productReference = CF0BBD481EB1A0AB00DB9D32 /* DoIt.app */;
			productType = "com.apple.product-type.application";
		};
/* End PBXNativeTarget section */

/* Begin PBXProject section */
		CF0BBD401EB1A0AB00DB9D32 /* Project object */ = {
			isa = PBXProject;
			attributes = {
				LastSwiftUpdateCheck = 0830;
				LastUpgradeCheck = 0830;
				ORGANIZATIONNAME = "Christina Stevens";
				TargetAttributes = {
					CF0BBD471EB1A0AB00DB9D32 = {
						CreatedOnToolsVersion = 8.3.1;
						ProvisioningStyle = Automatic;
					};
				};
			};
			buildConfigurationList = CF0BBD431EB1A0AB00DB9D32 /* Build configuration list for PBXProject "DoIt" */;
			compatibilityVersion = "Xcode 3.2";
			developmentRegion = English;
			hasScannedForEncodings = 0;
			knownRegions = (
				en,
				Base,
			);
			mainGroup = CF0BBD3F1EB1A0AB00DB9D32;
			productRefGroup = CF0BBD491EB1A0AB00DB9D32 /* Products */;
			projectDirPath = "";
			projectRoot = "";
			targets = (
				CF0BBD471EB1A0AB00DB9D32 /* DoIt */,
			);
		};
/* End PBXProject section */

/* Begin PBXResourcesBuildPhase section */
		CF0BBD461EB1A0AB00DB9D32 /* Resources */ = {
			isa = PBXResourcesBuildPhase;
			buildActionMask = 2147483647;
			files = (
				CF0BBD591EB1A0AB00DB9D32 /* LaunchScreen.storyboard in Resources */,
				CF0BBD561EB1A0AB00DB9D32 /* Assets.xcassets in Resources */,
				CF0BBD511EB1A0AB00DB9D32 /* Main.storyboard in Resources */,
			);
			runOnlyForDeploymentPostprocessing = 0;
		};
/* End PBXResourcesBuildPhase section */

/* Begin PBXSourcesBuildPhase section */
		CF0BBD441EB1A0AB00DB9D32 /* Sources */ = {
			isa = PBXSourcesBuildPhase;
			buildActionMask = 2147483647;
			files = (
				CF0BBD651EB2EA4500DB9D32 /* CompletedViewController.swift in Sources */,
				CF0BBD541EB1A0AB00DB9D32 /* DoIt.xcdatamodeld in Sources */,
				CF0BBD4E1EB1A0AB00DB9D32 /* TasksViewController.swift in Sources */,
				CF0BBD4C1EB1A0AB00DB9D32 /* AppDelegate.swift in Sources */,
				CF0BBD631EB1ACDF00DB9D32 /* AddScreenViewController.swift in Sources */,
			);
			runOnlyForDeploymentPostprocessing = 0;
		};
/* End PBXSourcesBuildPhase section */

/* Begin PBXVariantGroup section */
		CF0BBD4F1EB1A0AB00DB9D32 /* Main.storyboard */ = {
			isa = PBXVariantGroup;
			children = (
				CF0BBD501EB1A0AB00DB9D32 /* Base */,
			);
			name = Main.storyboard;
			sourceTree = "<group>";
		};
		CF0BBD571EB1A0AB00DB9D32 /* LaunchScreen.storyboard */ = {
			isa = PBXVariantGroup;
			children = (
				CF0BBD581EB1A0AB00DB9D32 /* Base */,
			);
			name = LaunchScreen.storyboard;
			sourceTree = "<group>";
		};
/* End PBXVariantGroup section */

/* Begin XCBuildConfiguration section */
		CF0BBD5B1EB1A0AB00DB9D32 /* Debug */ = {
			isa = XCBuildConfiguration;
			buildSettings = {
				ALWAYS_SEARCH_USER_PATHS = NO;
				CLANG_ANALYZER_NONNULL = YES;
				CLANG_ANALYZER_NUMBER_OBJECT_CONVERSION = YES_AGGRESSIVE;
				CLANG_CXX_LANGUAGE_STANDARD = "gnu++0x";
				CLANG_CXX_LIBRARY = "libc++";
				CLANG_ENABLE_MODULES = YES;
				CLANG_ENABLE_OBJC_ARC = YES;
				CLANG_WARN_BOOL_CONVERSION = YES;
				CLANG_WARN_CONSTANT_CONVERSION = YES;
				CLANG_WARN_DIRECT_OBJC_ISA_USAGE = YES_ERROR;
				CLANG_WARN_DOCUMENTATION_COMMENTS = YES;
				CLANG_WARN_EMPTY_BODY = YES;
				CLANG_WARN_ENUM_CONVERSION = YES;
				CLANG_WARN_INFINITE_RECURSION = YES;
				CLANG_WARN_INT_CONVERSION = YES;
				CLANG_WARN_OBJC_ROOT_CLASS = YES_ERROR;
				CLANG_WARN_SUSPICIOUS_MOVE = YES;
				CLANG_WARN_UNREACHABLE_CODE = YES;
				CLANG_WARN__DUPLICATE_METHOD_MATCH = YES;
				"CODE_SIGN_IDENTITY[sdk=iphoneos*]" = "iPhone Developer";
				COPY_PHASE_STRIP = NO;
				DEBUG_INFORMATION_FORMAT = dwarf;
				ENABLE_STRICT_OBJC_MSGSEND = YES;
				ENABLE_TESTABILITY = YES;
				GCC_C_LANGUAGE_STANDARD = gnu99;
				GCC_DYNAMIC_NO_PIC = NO;
				GCC_NO_COMMON_BLOCKS = YES;
				GCC_OPTIMIZATION_LEVEL = 0;
				GCC_PREPROCESSOR_DEFINITIONS = (
					"DEBUG=1",
					"$(inherited)",
				);
				GCC_WARN_64_TO_32_BIT_CONVERSION = YES;
				GCC_WARN_ABOUT_RETURN_TYPE = YES_ERROR;
				GCC_WARN_UNDECLARED_SELECTOR = YES;
				GCC_WARN_UNINITIALIZED_AUTOS = YES_AGGRESSIVE;
				GCC_WARN_UNUSED_FUNCTION = YES;
				GCC_WARN_UNUSED_VARIABLE = YES;
				IPHONEOS_DEPLOYMENT_TARGET = 10.3;
				MTL_ENABLE_DEBUG_INFO = YES;
				ONLY_ACTIVE_ARCH = YES;
				SDKROOT = iphoneos;
				SWIFT_ACTIVE_COMPILATION_CONDITIONS = DEBUG;
				SWIFT_OPTIMIZATION_LEVEL = "-Onone";
				TARGETED_DEVICE_FAMILY = "1,2";
			};
			name = Debug;
		};
		CF0BBD5C1EB1A0AB00DB9D32 /* Release */ = {
			isa = XCBuildConfiguration;
			buildSettings = {
				ALWAYS_SEARCH_USER_PATHS = NO;
				CLANG_ANALYZER_NONNULL = YES;
				CLANG_ANALYZER_NUMBER_OBJECT_CONVERSION = YES_AGGRESSIVE;
				CLANG_CXX_LANGUAGE_STANDARD = "gnu++0x";
				CLANG_CXX_LIBRARY = "libc++";
				CLANG_ENABLE_MODULES = YES;
				CLANG_ENABLE_OBJC_ARC = YES;
				CLANG_WARN_BOOL_CONVERSION = YES;
				CLANG_WARN_CONSTANT_CONVERSION = YES;
				CLANG_WARN_DIRECT_OBJC_ISA_USAGE = YES_ERROR;
				CLANG_WARN_DOCUMENTATION_COMMENTS = YES;
				CLANG_WARN_EMPTY_BODY = YES;
				CLANG_WARN_ENUM_CONVERSION = YES;
				CLANG_WARN_INFINITE_RECURSION = YES;
				CLANG_WARN_INT_CONVERSION = YES;
				CLANG_WARN_OBJC_ROOT_CLASS = YES_ERROR;
				CLANG_WARN_SUSPICIOUS_MOVE = YES;
				CLANG_WARN_UNREACHABLE_CODE = YES;
				CLANG_WARN__DUPLICATE_METHOD_MATCH = YES;
				"CODE_SIGN_IDENTITY[sdk=iphoneos*]" = "iPhone Developer";
				COPY_PHASE_STRIP = NO;
				DEBUG_INFORMATION_FORMAT = "dwarf-with-dsym";
				ENABLE_NS_ASSERTIONS = NO;
				ENABLE_STRICT_OBJC_MSGSEND = YES;
				GCC_C_LANGUAGE_STANDARD = gnu99;
				GCC_NO_COMMON_BLOCKS = YES;
				GCC_WARN_64_TO_32_BIT_CONVERSION = YES;
				GCC_WARN_ABOUT_RETURN_TYPE = YES_ERROR;
				GCC_WARN_UNDECLARED_SELECTOR = YES;
				GCC_WARN_UNINITIALIZED_AUTOS = YES_AGGRESSIVE;
				GCC_WARN_UNUSED_FUNCTION = YES;
				GCC_WARN_UNUSED_VARIABLE = YES;
				IPHONEOS_DEPLOYMENT_TARGET = 10.3;
				MTL_ENABLE_DEBUG_INFO = NO;
				SDKROOT = iphoneos;
				SWIFT_OPTIMIZATION_LEVEL = "-Owholemodule";
				TARGETED_DEVICE_FAMILY = "1,2";
				VALIDATE_PRODUCT = YES;
			};
			name = Release;
		};
		CF0BBD5E1EB1A0AB00DB9D32 /* Debug */ = {
			isa = XCBuildConfiguration;
			buildSettings = {
				ASSETCATALOG_COMPILER_APPICON_NAME = AppIcon;
				INFOPLIST_FILE = DoIt/Info.plist;
				LD_RUNPATH_SEARCH_PATHS = "$(inherited) @executable_path/Frameworks";
				PRODUCT_BUNDLE_IDENTIFIER = tiktok.DoIt;
				PRODUCT_NAME = "$(TARGET_NAME)";
				SWIFT_VERSION = 3.0;
			};
			name = Debug;
		};
		CF0BBD5F1EB1A0AB00DB9D32 /* Release */ = {
			isa = XCBuildConfiguration;
			buildSettings = {
				ASSETCATALOG_COMPILER_APPICON_NAME = AppIcon;
				INFOPLIST_FILE = DoIt/Info.plist;
				LD_RUNPATH_SEARCH_PATHS = "$(inherited) @executable_path/Frameworks";
				PRODUCT_BUNDLE_IDENTIFIER = tiktok.DoIt;
				PRODUCT_NAME = "$(TARGET_NAME)";
				SWIFT_VERSION = 3.0;
			};
			name = Release;
		};
/* End XCBuildConfiguration section */

/* Begin XCConfigurationList section */
		CF0BBD431EB1A0AB00DB9D32 /* Build configuration list for PBXProject "DoIt" */ = {
			isa = XCConfigurationList;
			buildConfigurations = (
				CF0BBD5B1EB1A0AB00DB9D32 /* Debug */,
				CF0BBD5C1EB1A0AB00DB9D32 /* Release */,
			);
			defaultConfigurationIsVisible = 0;
			defaultConfigurationName = Release;
		};
		CF0BBD5D1EB1A0AB00DB9D32 /* Build configuration list for PBXNativeTarget "DoIt" */ = {
			isa = XCConfigurationList;
			buildConfigurations = (
				CF0BBD5E1EB1A0AB00DB9D32 /* Debug */,
				CF0BBD5F1EB1A0AB00DB9D32 /* Release */,
			);
			defaultConfigurationIsVisible = 0;
			defaultConfigurationName = Release;
		};
/* End XCConfigurationList section */

/* Begin XCVersionGroup section */
		CF0BBD521EB1A0AB00DB9D32 /* DoIt.xcdatamodeld */ = {
			isa = XCVersionGroup;
			children = (
				CF0BBD531EB1A0AB00DB9D32 /* DoIt.xcdatamodel */,
			);
			currentVersion = CF0BBD531EB1A0AB00DB9D32 /* DoIt.xcdatamodel */;
			path = DoIt.xcdatamodeld;
			sourceTree = "<group>";
			versionGroupType = wrapper.xcdatamodel;
		};
/* End XCVersionGroup section */
	};
	rootObject = CF0BBD401EB1A0AB00DB9D32 /* Project object */;
}
